
Microsoft Visual Studio Solution File, Format Version 12.00
# Visual Studio Version 17
VisualStudioVersion = 17.3.32901.215
MinimumVisualStudioVersion = 10.0.40219.1
Project("{FAE04EC0-301F-11D3-BF4B-00C04F79EFBC}") = "Possible coin combinations", "Possible coin combinations.csproj", "{61A1653F-B3A0-4EDC-8148-F974830E2EB1}"
EndProject
Global
	GlobalSection(SolutionConfigurationPlatforms) = preSolution
		Debug|Any CPU = Debug|Any CPU
		Release|Any CPU = Release|Any CPU
	EndGlobalSection
	GlobalSection(ProjectConfigurationPlatforms) = postSolution
		{61A1653F-B3A0-4EDC-8148-F974830E2EB1}.Debug|Any CPU.ActiveCfg = Debug|Any CPU
		{61A1653F-B3A0-4EDC-8148-F974830E2EB1}.Debug|Any CPU.Build.0 = Debug|Any CPU
		{61A1653F-B3A0-4EDC-8148-F974830E2EB1}.Release|Any CPU.ActiveCfg = Release|Any CPU
		{61A1653F-B3A0-4EDC-8148-F974830E2EB1}.Release|Any CPU.Build.0 = Release|Any CPU
	EndGlobalSection
	GlobalSection(SolutionProperties) = preSolution
		HideSolutionNode = FALSE
	EndGlobalSection
	GlobalSection(ExtensibilityGlobals) = postSolution
		SolutionGuid = {0FAE7393-B1F3-4916-8535-AFB7C18FDF59}
	EndGlobalSection
EndGlobal
